
Microsoft Visual Studio Solution File, Format Version 12.00
# Visual Studio Version 16
VisualStudioVersion = 16.0.32126.315
MinimumVisualStudioVersion = 10.0.40219.1
Project("{FAE04EC0-301F-11D3-BF4B-00C04F79EFBC}") = "WpfApp1", "WpfApp1\WpfApp1.csproj", "{99DD2D30-A2FB-4F54-84F0-F6A4AF2E89EE}"
EndProject
Global
	GlobalSection(SolutionConfigurationPlatforms) = preSolution
		Debug|Any CPU = Debug|Any CPU
		Release|Any CPU = Release|Any CPU
	EndGlobalSection
	GlobalSection(ProjectConfigurationPlatforms) = postSolution
		{99DD2D30-A2FB-4F54-84F0-F6A4AF2E89EE}.Debug|Any CPU.ActiveCfg = Debug|Any CPU
		{99DD2D30-A2FB-4F54-84F0-F6A4AF2E89EE}.Debug|Any CPU.Build.0 = Debug|Any CPU
		{99DD2D30-A2FB-4F54-84F0-F6A4AF2E89EE}.Release|Any CPU.ActiveCfg = Release|Any CPU
		{99DD2D30-A2FB-4F54-84F0-F6A4AF2E89EE}.Release|Any CPU.Build.0 = Release|Any CPU
	EndGlobalSection
	GlobalSection(SolutionProperties) = preSolution
		HideSolutionNode = FALSE
	EndGlobalSection
	GlobalSection(ExtensibilityGlobals) = postSolution
		SolutionGuid = {C0168D64-DA46-4A01-B99E-DC3882B9A704}
	EndGlobalSection
EndGlobal
